// !$*UTF8*$!
{
	archiveVersion = 1;
	classes = {
	};
	objectVersion = 55;
	objects = {

/* Begin PBXBuildFile section */
		454364CC27526BD200448E8C /* ConfigSwiftUIExamplesApp.swift in Sources */ = {isa = PBXBuildFile; fileRef = 454364CB27526BD200448E8C /* ConfigSwiftUIExamplesApp.swift */; };
		454364CE27526BD200448E8C /* ContentViewLocal.swift in Sources */ = {isa = PBXBuildFile; fileRef = 454364CD27526BD200448E8C /* ContentViewLocal.swift */; };
		454364D027526BD400448E8C /* Assets.xcassets in Resources */ = {isa = PBXBuildFile; fileRef = 454364CF27526BD400448E8C /* Assets.xcassets */; };
		454364D327526BD400448E8C /* Preview Assets.xcassets in Resources */ = {isa = PBXBuildFile; fileRef = 454364D227526BD400448E8C /* Preview Assets.xcassets */; };
		454364DB27526E8400448E8C /* Config in Frameworks */ = {isa = PBXBuildFile; productRef = 454364DA27526E8400448E8C /* Config */; };
		454364DE27526FA800448E8C /* my-config.json in Resources */ = {isa = PBXBuildFile; fileRef = 454364DD27526FA800448E8C /* my-config.json */; };
		454364E02752706F00448E8C /* ContentViewRemote.swift in Sources */ = {isa = PBXBuildFile; fileRef = 454364DF2752706F00448E8C /* ContentViewRemote.swift */; };
/* End PBXBuildFile section */

/* Begin PBXFileReference section */
		454364C827526BD200448E8C /* ConfigSwiftUIExamples.app */ = {isa = PBXFileReference; explicitFileType = wrapper.application; includeInIndex = 0; path = ConfigSwiftUIExamples.app; sourceTree = BUILT_PRODUCTS_DIR; };
		454364CB27526BD200448E8C /* ConfigSwiftUIExamplesApp.swift */ = {isa = PBXFileReference; lastKnownFileType = sourcecode.swift; path = ConfigSwiftUIExamplesApp.swift; sourceTree = "<group>"; };
		454364CD27526BD200448E8C /* ContentViewLocal.swift */ = {isa = PBXFileReference; lastKnownFileType = sourcecode.swift; path = ContentViewLocal.swift; sourceTree = "<group>"; };
		454364CF27526BD400448E8C /* Assets.xcassets */ = {isa = PBXFileReference; lastKnownFileType = folder.assetcatalog; path = Assets.xcassets; sourceTree = "<group>"; };
		454364D227526BD400448E8C /* Preview Assets.xcassets */ = {isa = PBXFileReference; lastKnownFileType = folder.assetcatalog; path = "Preview Assets.xcassets"; sourceTree = "<group>"; };
		454364DD27526FA800448E8C /* my-config.json */ = {isa = PBXFileReference; fileEncoding = 4; lastKnownFileType = text.json; path = "my-config.json"; sourceTree = "<group>"; };
		454364DF2752706F00448E8C /* ContentViewRemote.swift */ = {isa = PBXFileReference; fileEncoding = 4; lastKnownFileType = sourcecode.swift; path = ContentViewRemote.swift; sourceTree = "<group>"; };
/* End PBXFileReference section */

/* Begin PBXFrameworksBuildPhase section */
		454364C527526BD200448E8C /* Frameworks */ = {
			isa = PBXFrameworksBuildPhase;
			buildActionMask = 2147483647;
			files = (
				454364DB27526E8400448E8C /* Config in Frameworks */,
			);
			runOnlyForDeploymentPostprocessing = 0;
		};
/* End PBXFrameworksBuildPhase section */

/* Begin PBXGroup section */
		454364BF27526BD200448E8C = {
			isa = PBXGroup;
			children = (
				454364CA27526BD200448E8C /* ConfigSwiftUIExamples */,
				454364C927526BD200448E8C /* Products */,
			);
			sourceTree = "<group>";
		};
		454364C927526BD200448E8C /* Products */ = {
			isa = PBXGroup;
			children = (
				454364C827526BD200448E8C /* ConfigSwiftUIExamples.app */,
			);
			name = Products;
			sourceTree = "<group>";
		};
		454364CA27526BD200448E8C /* ConfigSwiftUIExamples */ = {
			isa = PBXGroup;
			children = (
				454364DC27526F6F00448E8C /* resources */,
				454364CB27526BD200448E8C /* ConfigSwiftUIExamplesApp.swift */,
				454364CD27526BD200448E8C /* ContentViewLocal.swift */,
				454364DF2752706F00448E8C /* ContentViewRemote.swift */,
				454364CF27526BD400448E8C /* Assets.xcassets */,
				454364D127526BD400448E8C /* Preview Content */,
			);
			path = ConfigSwiftUIExamples;
			sourceTree = "<group>";
		};
		454364D127526BD400448E8C /* Preview Content */ = {
			isa = PBXGroup;
			children = (
				454364D227526BD400448E8C /* Preview Assets.xcassets */,
			);
			path = "Preview Content";
			sourceTree = "<group>";
		};
		454364DC27526F6F00448E8C /* resources */ = {
			isa = PBXGroup;
			children = (
				454364DD27526FA800448E8C /* my-config.json */,
			);
			path = resources;
			sourceTree = "<group>";
		};
/* End PBXGroup section */

/* Begin PBXNativeTarget section */
		454364C727526BD200448E8C /* ConfigSwiftUIExamples */ = {
			isa = PBXNativeTarget;
			buildConfigurationList = 454364D627526BD400448E8C /* Build configuration list for PBXNativeTarget "ConfigSwiftUIExamples" */;
			buildPhases = (
				454364C427526BD200448E8C /* Sources */,
				454364C527526BD200448E8C /* Frameworks */,
				454364C627526BD200448E8C /* Resources */,
			);
			buildRules = (
			);
			dependencies = (
			);
			name = ConfigSwiftUIExamples;
			packageProductDependencies = (
				454364DA27526E8400448E8C /* Config */,
			);
			productName = ConfigSwiftUIExamples;
			productReference = 454364C827526BD200448E8C /* ConfigSwiftUIExamples.app */;
			productType = "com.apple.product-type.application";
		};
/* End PBXNativeTarget section */

/* Begin PBXProject section */
		454364C027526BD200448E8C /* Project object */ = {
			isa = PBXProject;
			attributes = {
				BuildIndependentTargetsInParallel = 1;
				LastSwiftUpdateCheck = 1310;
				LastUpgradeCheck = 1310;
				TargetAttributes = {
					454364C727526BD200448E8C = {
						CreatedOnToolsVersion = 13.1;
					};
				};
			};
			buildConfigurationList = 454364C327526BD200448E8C /* Build configuration list for PBXProject "ConfigSwiftUIExamples" */;
			compatibilityVersion = "Xcode 13.0";
			developmentRegion = en;
			hasScannedForEncodings = 0;
			knownRegions = (
				en,
				Base,
			);
			mainGroup = 454364BF27526BD200448E8C;
			packageReferences = (
				454364D927526E8400448E8C /* XCRemoteSwiftPackageReference "Config" */,
			);
			productRefGroup = 454364C927526BD200448E8C /* Products */;
			projectDirPath = "";
			projectRoot = "";
			targets = (
				454364C727526BD200448E8C /* ConfigSwiftUIExamples */,
			);
		};
/* End PBXProject section */

/* Begin PBXResourcesBuildPhase section */
		454364C627526BD200448E8C /* Resources */ = {
			isa = PBXResourcesBuildPhase;
			buildActionMask = 2147483647;
			files = (
				454364D327526BD400448E8C /* Preview Assets.xcassets in Resources */,
				454364DE27526FA800448E8C /* my-config.json in Resources */,
				454364D027526BD400448E8C /* Assets.xcassets in Resources */,
			);
			runOnlyForDeploymentPostprocessing = 0;
		};
/* End PBXResourcesBuildPhase section */

/* Begin PBXSourcesBuildPhase section */
		454364C427526BD200448E8C /* Sources */ = {
			isa = PBXSourcesBuildPhase;
			buildActionMask = 2147483647;
			files = (
				454364E02752706F00448E8C /* ContentViewRemote.swift in Sources */,
				454364CE27526BD200448E8C /* ContentViewLocal.swift in Sources */,
				454364CC27526BD200448E8C /* ConfigSwiftUIExamplesApp.swift in Sources */,
			);
			runOnlyForDeploymentPostprocessing = 0;
		};
/* End PBXSourcesBuildPhase section */

/* Begin XCBuildConfiguration section */
		454364D427526BD400448E8C /* Debug */ = {
			isa = XCBuildConfiguration;
			buildSettings = {
				ALWAYS_SEARCH_USER_PATHS = NO;
				CLANG_ANALYZER_NONNULL = YES;
				CLANG_ANALYZER_NUMBER_OBJECT_CONVERSION = YES_AGGRESSIVE;
				CLANG_CXX_LANGUAGE_STANDARD = "gnu++17";
				CLANG_CXX_LIBRARY = "libc++";
				CLANG_ENABLE_MODULES = YES;
				CLANG_ENABLE_OBJC_ARC = YES;
				CLANG_ENABLE_OBJC_WEAK = YES;
				CLANG_WARN_BLOCK_CAPTURE_AUTORELEASING = YES;
				CLANG_WARN_BOOL_CONVERSION = YES;
				CLANG_WARN_COMMA = YES;
				CLANG_WARN_CONSTANT_CONVERSION = YES;
				CLANG_WARN_DEPRECATED_OBJC_IMPLEMENTATIONS = YES;
				CLANG_WARN_DIRECT_OBJC_ISA_USAGE = YES_ERROR;
				CLANG_WARN_DOCUMENTATION_COMMENTS = YES;
				CLANG_WARN_EMPTY_BODY = YES;
				CLANG_WARN_ENUM_CONVERSION = YES;
				CLANG_WARN_INFINITE_RECURSION = YES;
				CLANG_WARN_INT_CONVERSION = YES;
				CLANG_WARN_NON_LITERAL_NULL_CONVERSION = YES;
				CLANG_WARN_OBJC_IMPLICIT_RETAIN_SELF = YES;
				CLANG_WARN_OBJC_LITERAL_CONVERSION = YES;
				CLANG_WARN_OBJC_ROOT_CLASS = YES_ERROR;
				CLANG_WARN_QUOTED_INCLUDE_IN_FRAMEWORK_HEADER = YES;
				CLANG_WARN_RANGE_LOOP_ANALYSIS = YES;
				CLANG_WARN_STRICT_PROTOTYPES = YES;
				CLANG_WARN_SUSPICIOUS_MOVE = YES;
				CLANG_WARN_UNGUARDED_AVAILABILITY = YES_AGGRESSIVE;
				CLANG_WARN_UNREACHABLE_CODE = YES;
				CLANG_WARN__DUPLICATE_METHOD_MATCH = YES;
				COPY_PHASE_STRIP = NO;
				DEBUG_INFORMATION_FORMAT = dwarf;
				ENABLE_STRICT_OBJC_MSGSEND = YES;
				ENABLE_TESTABILITY = YES;
				GCC_C_LANGUAGE_STANDARD = gnu11;
				GCC_DYNAMIC_NO_PIC = NO;
				GCC_NO_COMMON_BLOCKS = YES;
				GCC_OPTIMIZATION_LEVEL = 0;
				GCC_PREPROCESSOR_DEFINITIONS = (
					"DEBUG=1",
					"$(inherited)",
				);
				GCC_WARN_64_TO_32_BIT_CONVERSION = YES;
				GCC_WARN_ABOUT_RETURN_TYPE = YES_ERROR;
				GCC_WARN_UNDECLARED_SELECTOR = YES;
				GCC_WARN_UNINITIALIZED_AUTOS = YES_AGGRESSIVE;
				GCC_WARN_UNUSED_FUNCTION = YES;
				GCC_WARN_UNUSED_VARIABLE = YES;
				IPHONEOS_DEPLOYMENT_TARGET = 15.0;
				MTL_ENABLE_DEBUG_INFO = INCLUDE_SOURCE;
				MTL_FAST_MATH = YES;
				ONLY_ACTIVE_ARCH = YES;
				SDKROOT = iphoneos;
				SWIFT_ACTIVE_COMPILATION_CONDITIONS = DEBUG;
				SWIFT_OPTIMIZATION_LEVEL = "-Onone";
			};
			name = Debug;
		};
		454364D527526BD400448E8C /* Release */ = {
			isa = XCBuildConfiguration;
			buildSettings = {
				ALWAYS_SEARCH_USER_PATHS = NO;
				CLANG_ANALYZER_NONNULL = YES;
				CLANG_ANALYZER_NUMBER_OBJECT_CONVERSION = YES_AGGRESSIVE;
				CLANG_CXX_LANGUAGE_STANDARD = "gnu++17";
				CLANG_CXX_LIBRARY = "libc++";
				CLANG_ENABLE_MODULES = YES;
				CLANG_ENABLE_OBJC_ARC = YES;
				CLANG_ENABLE_OBJC_WEAK = YES;
				CLANG_WARN_BLOCK_CAPTURE_AUTORELEASING = YES;
				CLANG_WARN_BOOL_CONVERSION = YES;
				CLANG_WARN_COMMA = YES;
				CLANG_WARN_CONSTANT_CONVERSION = YES;
				CLANG_WARN_DEPRECATED_OBJC_IMPLEMENTATIONS = YES;
				CLANG_WARN_DIRECT_OBJC_ISA_USAGE = YES_ERROR;
				CLANG_WARN_DOCUMENTATION_COMMENTS = YES;
				CLANG_WARN_EMPTY_BODY = YES;
				CLANG_WARN_ENUM_CONVERSION = YES;
				CLANG_WARN_INFINITE_RECURSION = YES;
				CLANG_WARN_INT_CONVERSION = YES;
				CLANG_WARN_NON_LITERAL_NULL_CONVERSION = YES;
				CLANG_WARN_OBJC_IMPLICIT_RETAIN_SELF = YES;
				CLANG_WARN_OBJC_LITERAL_CONVERSION = YES;
				CLANG_WARN_OBJC_ROOT_CLASS = YES_ERROR;
				CLANG_WARN_QUOTED_INCLUDE_IN_FRAMEWORK_HEADER = YES;
				CLANG_WARN_RANGE_LOOP_ANALYSIS = YES;
				CLANG_WARN_STRICT_PROTOTYPES = YES;
				CLANG_WARN_SUSPICIOUS_MOVE = YES;
				CLANG_WARN_UNGUARDED_AVAILABILITY = YES_AGGRESSIVE;
				CLANG_WARN_UNREACHABLE_CODE = YES;
				CLANG_WARN__DUPLICATE_METHOD_MATCH = YES;
				COPY_PHASE_STRIP = NO;
				DEBUG_INFORMATION_FORMAT = "dwarf-with-dsym";
				ENABLE_NS_ASSERTIONS = NO;
				ENABLE_STRICT_OBJC_MSGSEND = YES;
				GCC_C_LANGUAGE_STANDARD = gnu11;
				GCC_NO_COMMON_BLOCKS = YES;
				GCC_WARN_64_TO_32_BIT_CONVERSION = YES;
				GCC_WARN_ABOUT_RETURN_TYPE = YES_ERROR;
				GCC_WARN_UNDECLARED_SELECTOR = YES;
				GCC_WARN_UNINITIALIZED_AUTOS = YES_AGGRESSIVE;
				GCC_WARN_UNUSED_FUNCTION = YES;
				GCC_WARN_UNUSED_VARIABLE = YES;
				IPHONEOS_DEPLOYMENT_TARGET = 15.0;
				MTL_ENABLE_DEBUG_INFO = NO;
				MTL_FAST_MATH = YES;
				SDKROOT = iphoneos;
				SWIFT_COMPILATION_MODE = wholemodule;
				SWIFT_OPTIMIZATION_LEVEL = "-O";
				VALIDATE_PRODUCT = YES;
			};
			name = Release;
		};
		454364D727526BD400448E8C /* Debug */ = {
			isa = XCBuildConfiguration;
			buildSettings = {
				ASSETCATALOG_COMPILER_APPICON_NAME = AppIcon;
				ASSETCATALOG_COMPILER_GLOBAL_ACCENT_COLOR_NAME = AccentColor;
				CODE_SIGN_STYLE = Automatic;
				CURRENT_PROJECT_VERSION = 1;
				DEVELOPMENT_ASSET_PATHS = "\"ConfigSwiftUIExamples/Preview Content\"";
				ENABLE_PREVIEWS = YES;
				GENERATE_INFOPLIST_FILE = YES;
				INFOPLIST_KEY_UIApplicationSceneManifest_Generation = YES;
				INFOPLIST_KEY_UIApplicationSupportsIndirectInputEvents = YES;
				INFOPLIST_KEY_UILaunchScreen_Generation = YES;
				INFOPLIST_KEY_UISupportedInterfaceOrientations_iPad = "UIInterfaceOrientationPortrait UIInterfaceOrientationPortraitUpsideDown UIInterfaceOrientationLandscapeLeft UIInterfaceOrientationLandscapeRight";
				INFOPLIST_KEY_UISupportedInterfaceOrientations_iPhone = "UIInterfaceOrientationPortrait UIInterfaceOrientationLandscapeLeft UIInterfaceOrientationLandscapeRight";
				LD_RUNPATH_SEARCH_PATHS = (
					"$(inherited)",
					"@executable_path/Frameworks",
				);
				MARKETING_VERSION = 1.0;
				PRODUCT_BUNDLE_IDENTIFIER = com.mustafakarakus.config.ConfigSwiftUIExamples;
				PRODUCT_NAME = "$(TARGET_NAME)";
				SWIFT_EMIT_LOC_STRINGS = YES;
				SWIFT_VERSION = 5.0;
				TARGETED_DEVICE_FAMILY = "1,2";
			};
			name = Debug;
		};
		454364D827526BD400448E8C /* Release */ = {
			isa = XCBuildConfiguration;
			buildSettings = {
				ASSETCATALOG_COMPILER_APPICON_NAME = AppIcon;
				ASSETCATALOG_COMPILER_GLOBAL_ACCENT_COLOR_NAME = AccentColor;
				CODE_SIGN_STYLE = Automatic;
				CURRENT_PROJECT_VERSION = 1;
				DEVELOPMENT_ASSET_PATHS = "\"ConfigSwiftUIExamples/Preview Content\"";
				ENABLE_PREVIEWS = YES;
				GENERATE_INFOPLIST_FILE = YES;
				INFOPLIST_KEY_UIApplicationSceneManifest_Generation = YES;
				INFOPLIST_KEY_UIApplicationSupportsIndirectInputEvents = YES;
				INFOPLIST_KEY_UILaunchScreen_Generation = YES;
				INFOPLIST_KEY_UISupportedInterfaceOrientations_iPad = "UIInterfaceOrientationPortrait UIInterfaceOrientationPortraitUpsideDown UIInterfaceOrientationLandscapeLeft UIInterfaceOrientationLandscapeRight";
				INFOPLIST_KEY_UISupportedInterfaceOrientations_iPhone = "UIInterfaceOrientationPortrait UIInterfaceOrientationLandscapeLeft UIInterfaceOrientationLandscapeRight";
				LD_RUNPATH_SEARCH_PATHS = (
					"$(inherited)",
					"@executable_path/Frameworks",
				);
				MARKETING_VERSION = 1.0;
				PRODUCT_BUNDLE_IDENTIFIER = com.mustafakarakus.config.ConfigSwiftUIExamples;
				PRODUCT_NAME = "$(TARGET_NAME)";
				SWIFT_EMIT_LOC_STRINGS = YES;
				SWIFT_VERSION = 5.0;
				TARGETED_DEVICE_FAMILY = "1,2";
			};
			name = Release;
		};
/* End XCBuildConfiguration section */

/* Begin XCConfigurationList section */
		454364C327526BD200448E8C /* Build configuration list for PBXProject "ConfigSwiftUIExamples" */ = {
			isa = XCConfigurationList;
			buildConfigurations = (
				454364D427526BD400448E8C /* Debug */,
				454364D527526BD400448E8C /* Release */,
			);
			defaultConfigurationIsVisible = 0;
			defaultConfigurationName = Release;
		};
		454364D627526BD400448E8C /* Build configuration list for PBXNativeTarget "ConfigSwiftUIExamples" */ = {
			isa = XCConfigurationList;
			buildConfigurations = (
				454364D727526BD400448E8C /* Debug */,
				454364D827526BD400448E8C /* Release */,
			);
			defaultConfigurationIsVisible = 0;
			defaultConfigurationName = Release;
		};
/* End XCConfigurationList section */

/* Begin XCRemoteSwiftPackageReference section */
		454364D927526E8400448E8C /* XCRemoteSwiftPackageReference "Config" */ = {
			isa = XCRemoteSwiftPackageReference;
			repositoryURL = "https://github.com/mustafakarakus/Config.git";
			requirement = {
				branch = improvements;
				kind = branch;
			};
		};
/* End XCRemoteSwiftPackageReference section */

/* Begin XCSwiftPackageProductDependency section */
		454364DA27526E8400448E8C /* Config */ = {
			isa = XCSwiftPackageProductDependency;
			package = 454364D927526E8400448E8C /* XCRemoteSwiftPackageReference "Config" */;
			productName = Config;
		};
/* End XCSwiftPackageProductDependency section */
	};
	rootObject = 454364C027526BD200448E8C /* Project object */;
}
